// !$*UTF8*$!
{
	archiveVersion = 1;
	classes = {
	};
	objectVersion = 56;
	objects = {

/* Begin PBXBuildFile section */
		0450F9422DA2F36900D44926 /* TransactionView.swift in Sources */ = {isa = PBXBuildFile; fileRef = 0450F9412DA2F36900D44926 /* TransactionView.swift */; };
		0450F9442DA3018B00D44926 /* AddTransactionView.swift in Sources */ = {isa = PBXBuildFile; fileRef = 0450F9432DA3018B00D44926 /* AddTransactionView.swift */; };
		047689052D8B1B0100325A47 /* IncomeAppApp.swift in Sources */ = {isa = PBXBuildFile; fileRef = 047689042D8B1B0100325A47 /* IncomeAppApp.swift */; };
		047689072D8B1B0100325A47 /* ContentView.swift in Sources */ = {isa = PBXBuildFile; fileRef = 047689062D8B1B0100325A47 /* ContentView.swift */; };
		047689092D8B1B0200325A47 /* Assets.xcassets in Resources */ = {isa = PBXBuildFile; fileRef = 047689082D8B1B0200325A47 /* Assets.xcassets */; };
		0476890C2D8B1B0200325A47 /* Preview Assets.xcassets in Resources */ = {isa = PBXBuildFile; fileRef = 0476890B2D8B1B0200325A47 /* Preview Assets.xcassets */; };
		047689142D8B1B2200325A47 /* TransactionModel.swift in Sources */ = {isa = PBXBuildFile; fileRef = 047689132D8B1B2200325A47 /* TransactionModel.swift */; };
		047689162D8B1B5D00325A47 /* Enums.swift in Sources */ = {isa = PBXBuildFile; fileRef = 047689152D8B1B5D00325A47 /* Enums.swift */; };
		047689182D8B213D00325A47 /* Colors.xcassets in Resources */ = {isa = PBXBuildFile; fileRef = 047689172D8B213D00325A47 /* Colors.xcassets */; };
		04F4A96F2DABA4FC001AE4AB /* SettingsView.swift in Sources */ = {isa = PBXBuildFile; fileRef = 04F4A96E2DABA4FC001AE4AB /* SettingsView.swift */; };
/* End PBXBuildFile section */

/* Begin PBXFileReference section */
		0450F9412DA2F36900D44926 /* TransactionView.swift */ = {isa = PBXFileReference; lastKnownFileType = sourcecode.swift; path = TransactionView.swift; sourceTree = "<group>"; };
		0450F9432DA3018B00D44926 /* AddTransactionView.swift */ = {isa = PBXFileReference; lastKnownFileType = sourcecode.swift; path = AddTransactionView.swift; sourceTree = "<group>"; };
		047689012D8B1B0100325A47 /* IncomeApp.app */ = {isa = PBXFileReference; explicitFileType = wrapper.application; includeInIndex = 0; path = IncomeApp.app; sourceTree = BUILT_PRODUCTS_DIR; };
		047689042D8B1B0100325A47 /* IncomeAppApp.swift */ = {isa = PBXFileReference; lastKnownFileType = sourcecode.swift; path = IncomeAppApp.swift; sourceTree = "<group>"; };
		047689062D8B1B0100325A47 /* ContentView.swift */ = {isa = PBXFileReference; lastKnownFileType = sourcecode.swift; path = ContentView.swift; sourceTree = "<group>"; };
		047689082D8B1B0200325A47 /* Assets.xcassets */ = {isa = PBXFileReference; lastKnownFileType = folder.assetcatalog; path = Assets.xcassets; sourceTree = "<group>"; };
		0476890B2D8B1B0200325A47 /* Preview Assets.xcassets */ = {isa = PBXFileReference; lastKnownFileType = folder.assetcatalog; path = "Preview Assets.xcassets"; sourceTree = "<group>"; };
		047689132D8B1B2200325A47 /* TransactionModel.swift */ = {isa = PBXFileReference; lastKnownFileType = sourcecode.swift; path = TransactionModel.swift; sourceTree = "<group>"; };
		047689152D8B1B5D00325A47 /* Enums.swift */ = {isa = PBXFileReference; lastKnownFileType = sourcecode.swift; path = Enums.swift; sourceTree = "<group>"; };
		047689172D8B213D00325A47 /* Colors.xcassets */ = {isa = PBXFileReference; lastKnownFileType = folder.assetcatalog; path = Colors.xcassets; sourceTree = "<group>"; };
		04F4A96E2DABA4FC001AE4AB /* SettingsView.swift */ = {isa = PBXFileReference; lastKnownFileType = sourcecode.swift; path = SettingsView.swift; sourceTree = "<group>"; };
/* End PBXFileReference section */

/* Begin PBXFrameworksBuildPhase section */
		047688FE2D8B1B0100325A47 /* Frameworks */ = {
			isa = PBXFrameworksBuildPhase;
			buildActionMask = 2147483647;
			files = (
			);
			runOnlyForDeploymentPostprocessing = 0;
		};
/* End PBXFrameworksBuildPhase section */

/* Begin PBXGroup section */
		0450F9402DA2F34F00D44926 /* Views */ = {
			isa = PBXGroup;
			children = (
				0450F9412DA2F36900D44926 /* TransactionView.swift */,
				04F4A96E2DABA4FC001AE4AB /* SettingsView.swift */,
				0450F9432DA3018B00D44926 /* AddTransactionView.swift */,
			);
			path = Views;
			sourceTree = "<group>";
		};
		047688F82D8B1B0100325A47 = {
			isa = PBXGroup;
			children = (
				047689032D8B1B0100325A47 /* IncomeApp */,
				047689022D8B1B0100325A47 /* Products */,
			);
			sourceTree = "<group>";
		};
		047689022D8B1B0100325A47 /* Products */ = {
			isa = PBXGroup;
			children = (
				047689012D8B1B0100325A47 /* IncomeApp.app */,
			);
			name = Products;
			sourceTree = "<group>";
		};
		047689032D8B1B0100325A47 /* IncomeApp */ = {
			isa = PBXGroup;
			children = (
				0450F9402DA2F34F00D44926 /* Views */,
				047689122D8B1B0E00325A47 /* Models */,
				047689042D8B1B0100325A47 /* IncomeAppApp.swift */,
				047689062D8B1B0100325A47 /* ContentView.swift */,
				047689082D8B1B0200325A47 /* Assets.xcassets */,
				047689172D8B213D00325A47 /* Colors.xcassets */,
				0476890A2D8B1B0200325A47 /* Preview Content */,
			);
			path = IncomeApp;
			sourceTree = "<group>";
		};
		0476890A2D8B1B0200325A47 /* Preview Content */ = {
			isa = PBXGroup;
			children = (
				0476890B2D8B1B0200325A47 /* Preview Assets.xcassets */,
			);
			path = "Preview Content";
			sourceTree = "<group>";
		};
		047689122D8B1B0E00325A47 /* Models */ = {
			isa = PBXGroup;
			children = (
				047689132D8B1B2200325A47 /* TransactionModel.swift */,
				047689152D8B1B5D00325A47 /* Enums.swift */,
			);
			path = Models;
			sourceTree = "<group>";
		};
/* End PBXGroup section */

/* Begin PBXNativeTarget section */
		047689002D8B1B0100325A47 /* IncomeApp */ = {
			isa = PBXNativeTarget;
			buildConfigurationList = 0476890F2D8B1B0200325A47 /* Build configuration list for PBXNativeTarget "IncomeApp" */;
			buildPhases = (
				047688FD2D8B1B0100325A47 /* Sources */,
				047688FE2D8B1B0100325A47 /* Frameworks */,
				047688FF2D8B1B0100325A47 /* Resources */,
			);
			buildRules = (
			);
			dependencies = (
			);
			name = IncomeApp;
			productName = IncomeApp;
			productReference = 047689012D8B1B0100325A47 /* IncomeApp.app */;
			productType = "com.apple.product-type.application";
		};
/* End PBXNativeTarget section */

/* Begin PBXProject section */
		047688F92D8B1B0100325A47 /* Project object */ = {
			isa = PBXProject;
			attributes = {
				BuildIndependentTargetsInParallel = 1;
				LastSwiftUpdateCheck = 1540;
				LastUpgradeCheck = 1540;
				TargetAttributes = {
					047689002D8B1B0100325A47 = {
						CreatedOnToolsVersion = 15.4;
					};
				};
			};
			buildConfigurationList = 047688FC2D8B1B0100325A47 /* Build configuration list for PBXProject "IncomeApp" */;
			compatibilityVersion = "Xcode 14.0";
			developmentRegion = en;
			hasScannedForEncodings = 0;
			knownRegions = (
				en,
				Base,
			);
			mainGroup = 047688F82D8B1B0100325A47;
			productRefGroup = 047689022D8B1B0100325A47 /* Products */;
			projectDirPath = "";
			projectRoot = "";
			targets = (
				047689002D8B1B0100325A47 /* IncomeApp */,
			);
		};
/* End PBXProject section */

/* Begin PBXResourcesBuildPhase section */
		047688FF2D8B1B0100325A47 /* Resources */ = {
			isa = PBXResourcesBuildPhase;
			buildActionMask = 2147483647;
			files = (
				0476890C2D8B1B0200325A47 /* Preview Assets.xcassets in Resources */,
				047689092D8B1B0200325A47 /* Assets.xcassets in Resources */,
				047689182D8B213D00325A47 /* Colors.xcassets in Resources */,
			);
			runOnlyForDeploymentPostprocessing = 0;
		};
/* End PBXResourcesBuildPhase section */

/* Begin PBXSourcesBuildPhase section */
		047688FD2D8B1B0100325A47 /* Sources */ = {
			isa = PBXSourcesBuildPhase;
			buildActionMask = 2147483647;
			files = (
				04F4A96F2DABA4FC001AE4AB /* SettingsView.swift in Sources */,
				047689142D8B1B2200325A47 /* TransactionModel.swift in Sources */,
				047689072D8B1B0100325A47 /* ContentView.swift in Sources */,
				0450F9422DA2F36900D44926 /* TransactionView.swift in Sources */,
				0450F9442DA3018B00D44926 /* AddTransactionView.swift in Sources */,
				047689162D8B1B5D00325A47 /* Enums.swift in Sources */,
				047689052D8B1B0100325A47 /* IncomeAppApp.swift in Sources */,
			);
			runOnlyForDeploymentPostprocessing = 0;
		};
/* End PBXSourcesBuildPhase section */

/* Begin XCBuildConfiguration section */
		0476890D2D8B1B0200325A47 /* Debug */ = {
			isa = XCBuildConfiguration;
			buildSettings = {
				ALWAYS_SEARCH_USER_PATHS = NO;
				ASSETCATALOG_COMPILER_GENERATE_SWIFT_ASSET_SYMBOL_EXTENSIONS = YES;
				CLANG_ANALYZER_NONNULL = YES;
				CLANG_ANALYZER_NUMBER_OBJECT_CONVERSION = YES_AGGRESSIVE;
				CLANG_CXX_LANGUAGE_STANDARD = "gnu++20";
				CLANG_ENABLE_MODULES = YES;
				CLANG_ENABLE_OBJC_ARC = YES;
				CLANG_ENABLE_OBJC_WEAK = YES;
				CLANG_WARN_BLOCK_CAPTURE_AUTORELEASING = YES;
				CLANG_WARN_BOOL_CONVERSION = YES;
				CLANG_WARN_COMMA = YES;
				CLANG_WARN_CONSTANT_CONVERSION = YES;
				CLANG_WARN_DEPRECATED_OBJC_IMPLEMENTATIONS = YES;
				CLANG_WARN_DIRECT_OBJC_ISA_USAGE = YES_ERROR;
				CLANG_WARN_DOCUMENTATION_COMMENTS = YES;
				CLANG_WARN_EMPTY_BODY = YES;
				CLANG_WARN_ENUM_CONVERSION = YES;
				CLANG_WARN_INFINITE_RECURSION = YES;
				CLANG_WARN_INT_CONVERSION = YES;
				CLANG_WARN_NON_LITERAL_NULL_CONVERSION = YES;
				CLANG_WARN_OBJC_IMPLICIT_RETAIN_SELF = YES;
				CLANG_WARN_OBJC_LITERAL_CONVERSION = YES;
				CLANG_WARN_OBJC_ROOT_CLASS = YES_ERROR;
				CLANG_WARN_QUOTED_INCLUDE_IN_FRAMEWORK_HEADER = YES;
				CLANG_WARN_RANGE_LOOP_ANALYSIS = YES;
				CLANG_WARN_STRICT_PROTOTYPES = YES;
				CLANG_WARN_SUSPICIOUS_MOVE = YES;
				CLANG_WARN_UNGUARDED_AVAILABILITY = YES_AGGRESSIVE;
				CLANG_WARN_UNREACHABLE_CODE = YES;
				CLANG_WARN__DUPLICATE_METHOD_MATCH = YES;
				COPY_PHASE_STRIP = NO;
				DEBUG_INFORMATION_FORMAT = dwarf;
				ENABLE_STRICT_OBJC_MSGSEND = YES;
				ENABLE_TESTABILITY = YES;
				ENABLE_USER_SCRIPT_SANDBOXING = YES;
				GCC_C_LANGUAGE_STANDARD = gnu17;
				GCC_DYNAMIC_NO_PIC = NO;
				GCC_NO_COMMON_BLOCKS = YES;
				GCC_OPTIMIZATION_LEVEL = 0;
				GCC_PREPROCESSOR_DEFINITIONS = (
					"DEBUG=1",
					"$(inherited)",
				);
				GCC_WARN_64_TO_32_BIT_CONVERSION = YES;
				GCC_WARN_ABOUT_RETURN_TYPE = YES_ERROR;
				GCC_WARN_UNDECLARED_SELECTOR = YES;
				GCC_WARN_UNINITIALIZED_AUTOS = YES_AGGRESSIVE;
				GCC_WARN_UNUSED_FUNCTION = YES;
				GCC_WARN_UNUSED_VARIABLE = YES;
				IPHONEOS_DEPLOYMENT_TARGET = 17.5;
				LOCALIZATION_PREFERS_STRING_CATALOGS = YES;
				MTL_ENABLE_DEBUG_INFO = INCLUDE_SOURCE;
				MTL_FAST_MATH = YES;
				ONLY_ACTIVE_ARCH = YES;
				SDKROOT = iphoneos;
				SWIFT_ACTIVE_COMPILATION_CONDITIONS = "DEBUG $(inherited)";
				SWIFT_OPTIMIZATION_LEVEL = "-Onone";
			};
			name = Debug;
		};
		0476890E2D8B1B0200325A47 /* Release */ = {
			isa = XCBuildConfiguration;
			buildSettings = {
				ALWAYS_SEARCH_USER_PATHS = NO;
				ASSETCATALOG_COMPILER_GENERATE_SWIFT_ASSET_SYMBOL_EXTENSIONS = YES;
				CLANG_ANALYZER_NONNULL = YES;
				CLANG_ANALYZER_NUMBER_OBJECT_CONVERSION = YES_AGGRESSIVE;
				CLANG_CXX_LANGUAGE_STANDARD = "gnu++20";
				CLANG_ENABLE_MODULES = YES;
				CLANG_ENABLE_OBJC_ARC = YES;
				CLANG_ENABLE_OBJC_WEAK = YES;
				CLANG_WARN_BLOCK_CAPTURE_AUTORELEASING = YES;
				CLANG_WARN_BOOL_CONVERSION = YES;
				CLANG_WARN_COMMA = YES;
				CLANG_WARN_CONSTANT_CONVERSION = YES;
				CLANG_WARN_DEPRECATED_OBJC_IMPLEMENTATIONS = YES;
				CLANG_WARN_DIRECT_OBJC_ISA_USAGE = YES_ERROR;
				CLANG_WARN_DOCUMENTATION_COMMENTS = YES;
				CLANG_WARN_EMPTY_BODY = YES;
				CLANG_WARN_ENUM_CONVERSION = YES;
				CLANG_WARN_INFINITE_RECURSION = YES;
				CLANG_WARN_INT_CONVERSION = YES;
				CLANG_WARN_NON_LITERAL_NULL_CONVERSION = YES;
				CLANG_WARN_OBJC_IMPLICIT_RETAIN_SELF = YES;
				CLANG_WARN_OBJC_LITERAL_CONVERSION = YES;
				CLANG_WARN_OBJC_ROOT_CLASS = YES_ERROR;
				CLANG_WARN_QUOTED_INCLUDE_IN_FRAMEWORK_HEADER = YES;
				CLANG_WARN_RANGE_LOOP_ANALYSIS = YES;
				CLANG_WARN_STRICT_PROTOTYPES = YES;
				CLANG_WARN_SUSPICIOUS_MOVE = YES;
				CLANG_WARN_UNGUARDED_AVAILABILITY = YES_AGGRESSIVE;
				CLANG_WARN_UNREACHABLE_CODE = YES;
				CLANG_WARN__DUPLICATE_METHOD_MATCH = YES;
				COPY_PHASE_STRIP = NO;
				DEBUG_INFORMATION_FORMAT = "dwarf-with-dsym";
				ENABLE_NS_ASSERTIONS = NO;
				ENABLE_STRICT_OBJC_MSGSEND = YES;
				ENABLE_USER_SCRIPT_SANDBOXING = YES;
				GCC_C_LANGUAGE_STANDARD = gnu17;
				GCC_NO_COMMON_BLOCKS = YES;
				GCC_WARN_64_TO_32_BIT_CONVERSION = YES;
				GCC_WARN_ABOUT_RETURN_TYPE = YES_ERROR;
				GCC_WARN_UNDECLARED_SELECTOR = YES;
				GCC_WARN_UNINITIALIZED_AUTOS = YES_AGGRESSIVE;
				GCC_WARN_UNUSED_FUNCTION = YES;
				GCC_WARN_UNUSED_VARIABLE = YES;
				IPHONEOS_DEPLOYMENT_TARGET = 17.5;
				LOCALIZATION_PREFERS_STRING_CATALOGS = YES;
				MTL_ENABLE_DEBUG_INFO = NO;
				MTL_FAST_MATH = YES;
				SDKROOT = iphoneos;
				SWIFT_COMPILATION_MODE = wholemodule;
				VALIDATE_PRODUCT = YES;
			};
			name = Release;
		};
		047689102D8B1B0200325A47 /* Debug */ = {
			isa = XCBuildConfiguration;
			buildSettings = {
				ASSETCATALOG_COMPILER_APPICON_NAME = AppIcon;
				ASSETCATALOG_COMPILER_GLOBAL_ACCENT_COLOR_NAME = AccentColor;
				CODE_SIGN_STYLE = Automatic;
				CURRENT_PROJECT_VERSION = 1;
				DEVELOPMENT_ASSET_PATHS = "\"IncomeApp/Preview Content\"";
				DEVELOPMENT_TEAM = QSQS5AMXVB;
				ENABLE_PREVIEWS = YES;
				GENERATE_INFOPLIST_FILE = YES;
				INFOPLIST_KEY_UIApplicationSceneManifest_Generation = YES;
				INFOPLIST_KEY_UIApplicationSupportsIndirectInputEvents = YES;
				INFOPLIST_KEY_UILaunchScreen_Generation = YES;
				INFOPLIST_KEY_UISupportedInterfaceOrientations_iPad = "UIInterfaceOrientationPortrait UIInterfaceOrientationPortraitUpsideDown UIInterfaceOrientationLandscapeLeft UIInterfaceOrientationLandscapeRight";
				INFOPLIST_KEY_UISupportedInterfaceOrientations_iPhone = "UIInterfaceOrientationPortrait UIInterfaceOrientationLandscapeLeft UIInterfaceOrientationLandscapeRight";
				LD_RUNPATH_SEARCH_PATHS = (
					"$(inherited)",
					"@executable_path/Frameworks",
				);
				MARKETING_VERSION = 1.0;
				PRODUCT_BUNDLE_IDENTIFIER = manza.IncomeApp;
				PRODUCT_NAME = "$(TARGET_NAME)";
				SWIFT_EMIT_LOC_STRINGS = YES;
				SWIFT_VERSION = 5.0;
				TARGETED_DEVICE_FAMILY = "1,2";
			};
			name = Debug;
		};
		047689112D8B1B0200325A47 /* Release */ = {
			isa = XCBuildConfiguration;
			buildSettings = {
				ASSETCATALOG_COMPILER_APPICON_NAME = AppIcon;
				ASSETCATALOG_COMPILER_GLOBAL_ACCENT_COLOR_NAME = AccentColor;
				CODE_SIGN_STYLE = Automatic;
				CURRENT_PROJECT_VERSION = 1;
				DEVELOPMENT_ASSET_PATHS = "\"IncomeApp/Preview Content\"";
				DEVELOPMENT_TEAM = QSQS5AMXVB;
				ENABLE_PREVIEWS = YES;
				GENERATE_INFOPLIST_FILE = YES;
				INFOPLIST_KEY_UIApplicationSceneManifest_Generation = YES;
				INFOPLIST_KEY_UIApplicationSupportsIndirectInputEvents = YES;
				INFOPLIST_KEY_UILaunchScreen_Generation = YES;
				INFOPLIST_KEY_UISupportedInterfaceOrientations_iPad = "UIInterfaceOrientationPortrait UIInterfaceOrientationPortraitUpsideDown UIInterfaceOrientationLandscapeLeft UIInterfaceOrientationLandscapeRight";
				INFOPLIST_KEY_UISupportedInterfaceOrientations_iPhone = "UIInterfaceOrientationPortrait UIInterfaceOrientationLandscapeLeft UIInterfaceOrientationLandscapeRight";
				LD_RUNPATH_SEARCH_PATHS = (
					"$(inherited)",
					"@executable_path/Frameworks",
				);
				MARKETING_VERSION = 1.0;
				PRODUCT_BUNDLE_IDENTIFIER = manza.IncomeApp;
				PRODUCT_NAME = "$(TARGET_NAME)";
				SWIFT_EMIT_LOC_STRINGS = YES;
				SWIFT_VERSION = 5.0;
				TARGETED_DEVICE_FAMILY = "1,2";
			};
			name = Release;
		};
/* End XCBuildConfiguration section */

/* Begin XCConfigurationList section */
		047688FC2D8B1B0100325A47 /* Build configuration list for PBXProject "IncomeApp" */ = {
			isa = XCConfigurationList;
			buildConfigurations = (
				0476890D2D8B1B0200325A47 /* Debug */,
				0476890E2D8B1B0200325A47 /* Release */,
			);
			defaultConfigurationIsVisible = 0;
			defaultConfigurationName = Release;
		};
		0476890F2D8B1B0200325A47 /* Build configuration list for PBXNativeTarget "IncomeApp" */ = {
			isa = XCConfigurationList;
			buildConfigurations = (
				047689102D8B1B0200325A47 /* Debug */,
				047689112D8B1B0200325A47 /* Release */,
			);
			defaultConfigurationIsVisible = 0;
			defaultConfigurationName = Release;
		};
/* End XCConfigurationList section */
	};
	rootObject = 047688F92D8B1B0100325A47 /* Project object */;
}
